
Microsoft Visual Studio Solution File, Format Version 12.00
# Visual Studio 2015
Project("{FAE04EC0-301F-11D3-BF4B-00C04F79EFBC}") = "Robot Evolution Project.CSharp.Plugins", "Robot Evolution Project.CSharp.Plugins.csproj", "{F84003A8-B0A0-BD05-640A-BA9F8C4F90AA}"
EndProject
Project("{FAE04EC0-301F-11D3-BF4B-00C04F79EFBC}") = "Robot Evolution Project.CSharp", "Robot Evolution Project.CSharp.csproj", "{76BA3858-6DB1-AE54-7692-C825F0404D8F}"
EndProject
Project("{FAE04EC0-301F-11D3-BF4B-00C04F79EFBC}") = "Robot Evolution Project.CSharp.Editor", "Robot Evolution Project.CSharp.Editor.csproj", "{57F14134-506C-D919-6510-7C13354B10E1}"
EndProject
Global
	GlobalSection(SolutionConfigurationPlatforms) = preSolution
		Debug|Any CPU = Debug|Any CPU
		Release|Any CPU = Release|Any CPU
	EndGlobalSection
	GlobalSection(ProjectConfigurationPlatforms) = postSolution
		{F84003A8-B0A0-BD05-640A-BA9F8C4F90AA}.Debug|Any CPU.ActiveCfg = Debug|Any CPU
		{F84003A8-B0A0-BD05-640A-BA9F8C4F90AA}.Debug|Any CPU.Build.0 = Debug|Any CPU
		{F84003A8-B0A0-BD05-640A-BA9F8C4F90AA}.Release|Any CPU.ActiveCfg = Release|Any CPU
		{F84003A8-B0A0-BD05-640A-BA9F8C4F90AA}.Release|Any CPU.Build.0 = Release|Any CPU
		{76BA3858-6DB1-AE54-7692-C825F0404D8F}.Debug|Any CPU.ActiveCfg = Debug|Any CPU
		{76BA3858-6DB1-AE54-7692-C825F0404D8F}.Debug|Any CPU.Build.0 = Debug|Any CPU
		{76BA3858-6DB1-AE54-7692-C825F0404D8F}.Release|Any CPU.ActiveCfg = Release|Any CPU
		{76BA3858-6DB1-AE54-7692-C825F0404D8F}.Release|Any CPU.Build.0 = Release|Any CPU
		{57F14134-506C-D919-6510-7C13354B10E1}.Debug|Any CPU.ActiveCfg = Debug|Any CPU
		{57F14134-506C-D919-6510-7C13354B10E1}.Debug|Any CPU.Build.0 = Debug|Any CPU
		{57F14134-506C-D919-6510-7C13354B10E1}.Release|Any CPU.ActiveCfg = Release|Any CPU
		{57F14134-506C-D919-6510-7C13354B10E1}.Release|Any CPU.Build.0 = Release|Any CPU
	EndGlobalSection
	GlobalSection(SolutionProperties) = preSolution
		HideSolutionNode = FALSE
	EndGlobalSection
EndGlobal
